
Microsoft Visual Studio Solution File, Format Version 12.00
Project("{FAE04EC0-301F-11D3-BF4B-00C04F79EFBC}") = "TemporalBuilder", "TemporalBuilder\TemporalBuilder.csproj", "{2F4E1364-D80B-4AA5-AF36-AABAFC0B156C}"
EndProject
Project("{FAE04EC0-301F-11D3-BF4B-00C04F79EFBC}") = "TemporalRunner", "TemporalRunner\TemporalRunner.csproj", "{F20CF961-3E79-4346-9C48-C933789410A3}"
EndProject
Global
	GlobalSection(SolutionConfigurationPlatforms) = preSolution
		Debug|Any CPU = Debug|Any CPU
		Release|Any CPU = Release|Any CPU
	EndGlobalSection
	GlobalSection(ProjectConfigurationPlatforms) = postSolution
		{2F4E1364-D80B-4AA5-AF36-AABAFC0B156C}.Debug|Any CPU.ActiveCfg = Debug|Any CPU
		{2F4E1364-D80B-4AA5-AF36-AABAFC0B156C}.Debug|Any CPU.Build.0 = Debug|Any CPU
		{2F4E1364-D80B-4AA5-AF36-AABAFC0B156C}.Release|Any CPU.ActiveCfg = Release|Any CPU
		{2F4E1364-D80B-4AA5-AF36-AABAFC0B156C}.Release|Any CPU.Build.0 = Release|Any CPU
		{F20CF961-3E79-4346-9C48-C933789410A3}.Debug|Any CPU.ActiveCfg = Debug|Any CPU
		{F20CF961-3E79-4346-9C48-C933789410A3}.Debug|Any CPU.Build.0 = Debug|Any CPU
		{F20CF961-3E79-4346-9C48-C933789410A3}.Release|Any CPU.ActiveCfg = Release|Any CPU
		{F20CF961-3E79-4346-9C48-C933789410A3}.Release|Any CPU.Build.0 = Release|Any CPU
	EndGlobalSection
EndGlobal
